// !$*UTF8*$!
{
	archiveVersion = 1;
	classes = {
	};
	objectVersion = 56;
	objects = {

/* Begin PBXBuildFile section */
		80EC04672B62F52A0039AA2A /* Templates.cpp in Sources */ = {isa = PBXBuildFile; fileRef = 80EC04582B62F52A0039AA2A /* Templates.cpp */; };
		80EC04682B62F52A0039AA2A /* Instantiation.cpp in Sources */ = {isa = PBXBuildFile; fileRef = 80EC04622B62F52A0039AA2A /* Instantiation.cpp */; };
/* End PBXBuildFile section */

/* Begin PBXCopyFilesBuildPhase section */
		8076FC7B2B235B230067767B /* CopyFiles */ = {
			isa = PBXCopyFilesBuildPhase;
			buildActionMask = 2147483647;
			dstPath = /usr/share/man/man1/;
			dstSubfolderSpec = 0;
			files = (
			);
			runOnlyForDeploymentPostprocessing = 1;
		};
/* End PBXCopyFilesBuildPhase section */

/* Begin PBXFileReference section */
		8076FC7D2B235B230067767B /* Templates */ = {isa = PBXFileReference; explicitFileType = "compiled.mach-o.executable"; includeInIndex = 0; path = Templates; sourceTree = BUILT_PRODUCTS_DIR; };
		80EC04562B62F5290039AA2A /* Matching.h */ = {isa = PBXFileReference; fileEncoding = 4; lastKnownFileType = sourcecode.c.h; name = Matching.h; path = Templates/Matching.h; sourceTree = "<group>"; };
		80EC04572B62F5290039AA2A /* SFINAE.h */ = {isa = PBXFileReference; fileEncoding = 4; lastKnownFileType = sourcecode.c.h; name = SFINAE.h; path = Templates/SFINAE.h; sourceTree = "<group>"; };
		80EC04582B62F52A0039AA2A /* Templates.cpp */ = {isa = PBXFileReference; fileEncoding = 4; lastKnownFileType = sourcecode.cpp.cpp; name = Templates.cpp; path = Templates/Templates.cpp; sourceTree = "<group>"; };
		80EC04592B62F52A0039AA2A /* Callback.h */ = {isa = PBXFileReference; fileEncoding = 4; lastKnownFileType = sourcecode.c.h; name = Callback.h; path = Templates/Callback.h; sourceTree = "<group>"; };
		80EC045A2B62F52A0039AA2A /* FoldExpression.h */ = {isa = PBXFileReference; fileEncoding = 4; lastKnownFileType = sourcecode.c.h; name = FoldExpression.h; path = Templates/FoldExpression.h; sourceTree = "<group>"; };
		80EC045B2B62F52A0039AA2A /* CRTP.h */ = {isa = PBXFileReference; fileEncoding = 4; lastKnownFileType = sourcecode.c.h; name = CRTP.h; path = Templates/CRTP.h; sourceTree = "<group>"; };
		80EC045C2B62F52A0039AA2A /* Concept.h */ = {isa = PBXFileReference; fileEncoding = 4; lastKnownFileType = sourcecode.c.h; name = Concept.h; path = Templates/Concept.h; sourceTree = "<group>"; };
		80EC045D2B62F52A0039AA2A /* Instantiation.h */ = {isa = PBXFileReference; fileEncoding = 4; lastKnownFileType = sourcecode.c.h; name = Instantiation.h; path = Templates/Instantiation.h; sourceTree = "<group>"; };
		80EC045E2B62F52A0039AA2A /* Specialization.h */ = {isa = PBXFileReference; fileEncoding = 4; lastKnownFileType = sourcecode.c.h; name = Specialization.h; path = Templates/Specialization.h; sourceTree = "<group>"; };
		80EC045F2B62F52A0039AA2A /* Forward.h */ = {isa = PBXFileReference; fileEncoding = 4; lastKnownFileType = sourcecode.c.h; name = Forward.h; path = Templates/Forward.h; sourceTree = "<group>"; };
		80EC04602B62F52A0039AA2A /* typedef_using.h */ = {isa = PBXFileReference; fileEncoding = 4; lastKnownFileType = sourcecode.c.h; name = typedef_using.h; path = Templates/typedef_using.h; sourceTree = "<group>"; };
		80EC04612B62F52A0039AA2A /* Function.h */ = {isa = PBXFileReference; fileEncoding = 4; lastKnownFileType = sourcecode.c.h; name = Function.h; path = Templates/Function.h; sourceTree = "<group>"; };
		80EC04622B62F52A0039AA2A /* Instantiation.cpp */ = {isa = PBXFileReference; fileEncoding = 4; lastKnownFileType = sourcecode.cpp.cpp; name = Instantiation.cpp; path = Templates/Instantiation.cpp; sourceTree = "<group>"; };
		80EC04632B62F52A0039AA2A /* Non-type.h */ = {isa = PBXFileReference; fileEncoding = 4; lastKnownFileType = sourcecode.c.h; name = "Non-type.h"; path = "Templates/Non-type.h"; sourceTree = "<group>"; };
		80EC04642B62F52A0039AA2A /* VariadicTemplate.h */ = {isa = PBXFileReference; fileEncoding = 4; lastKnownFileType = sourcecode.c.h; name = VariadicTemplate.h; path = Templates/VariadicTemplate.h; sourceTree = "<group>"; };
		80EC04652B62F52A0039AA2A /* Auto.h */ = {isa = PBXFileReference; fileEncoding = 4; lastKnownFileType = sourcecode.c.h; name = Auto.h; path = Templates/Auto.h; sourceTree = "<group>"; };
		80EC04662B62F52A0039AA2A /* Metafunction.h */ = {isa = PBXFileReference; fileEncoding = 4; lastKnownFileType = sourcecode.c.h; name = Metafunction.h; path = Templates/Metafunction.h; sourceTree = "<group>"; };
/* End PBXFileReference section */

/* Begin PBXFrameworksBuildPhase section */
		8076FC7A2B235B230067767B /* Frameworks */ = {
			isa = PBXFrameworksBuildPhase;
			buildActionMask = 2147483647;
			files = (
			);
			runOnlyForDeploymentPostprocessing = 0;
		};
/* End PBXFrameworksBuildPhase section */

/* Begin PBXGroup section */
		8076FC742B235B230067767B = {
			isa = PBXGroup;
			children = (
				80EC04652B62F52A0039AA2A /* Auto.h */,
				80EC04592B62F52A0039AA2A /* Callback.h */,
				80EC045C2B62F52A0039AA2A /* Concept.h */,
				80EC045B2B62F52A0039AA2A /* CRTP.h */,
				80EC045A2B62F52A0039AA2A /* FoldExpression.h */,
				80EC045F2B62F52A0039AA2A /* Forward.h */,
				80EC04612B62F52A0039AA2A /* Function.h */,
				80EC04622B62F52A0039AA2A /* Instantiation.cpp */,
				80EC045D2B62F52A0039AA2A /* Instantiation.h */,
				80EC04562B62F5290039AA2A /* Matching.h */,
				80EC04662B62F52A0039AA2A /* Metafunction.h */,
				80EC04632B62F52A0039AA2A /* Non-type.h */,
				80EC04572B62F5290039AA2A /* SFINAE.h */,
				80EC045E2B62F52A0039AA2A /* Specialization.h */,
				80EC04582B62F52A0039AA2A /* Templates.cpp */,
				80EC04602B62F52A0039AA2A /* typedef_using.h */,
				80EC04642B62F52A0039AA2A /* VariadicTemplate.h */,
				8076FC7E2B235B230067767B /* Products */,
			);
			sourceTree = "<group>";
		};
		8076FC7E2B235B230067767B /* Products */ = {
			isa = PBXGroup;
			children = (
				8076FC7D2B235B230067767B /* Templates */,
			);
			name = Products;
			sourceTree = "<group>";
		};
/* End PBXGroup section */

/* Begin PBXNativeTarget section */
		8076FC7C2B235B230067767B /* Templates */ = {
			isa = PBXNativeTarget;
			buildConfigurationList = 8076FC842B235B230067767B /* Build configuration list for PBXNativeTarget "Templates" */;
			buildPhases = (
				8076FC792B235B230067767B /* Sources */,
				8076FC7A2B235B230067767B /* Frameworks */,
				8076FC7B2B235B230067767B /* CopyFiles */,
			);
			buildRules = (
			);
			dependencies = (
			);
			name = Templates;
			productName = Templates;
			productReference = 8076FC7D2B235B230067767B /* Templates */;
			productType = "com.apple.product-type.tool";
		};
/* End PBXNativeTarget section */

/* Begin PBXProject section */
		8076FC752B235B230067767B /* Project object */ = {
			isa = PBXProject;
			attributes = {
				BuildIndependentTargetsInParallel = 1;
				LastUpgradeCheck = 1430;
				TargetAttributes = {
					8076FC7C2B235B230067767B = {
						CreatedOnToolsVersion = 14.3.1;
					};
				};
			};
			buildConfigurationList = 8076FC782B235B230067767B /* Build configuration list for PBXProject "Templates" */;
			compatibilityVersion = "Xcode 14.0";
			developmentRegion = en;
			hasScannedForEncodings = 0;
			knownRegions = (
				en,
				Base,
			);
			mainGroup = 8076FC742B235B230067767B;
			productRefGroup = 8076FC7E2B235B230067767B /* Products */;
			projectDirPath = "";
			projectRoot = "";
			targets = (
				8076FC7C2B235B230067767B /* Templates */,
			);
		};
/* End PBXProject section */

/* Begin PBXSourcesBuildPhase section */
		8076FC792B235B230067767B /* Sources */ = {
			isa = PBXSourcesBuildPhase;
			buildActionMask = 2147483647;
			files = (
				80EC04672B62F52A0039AA2A /* Templates.cpp in Sources */,
				80EC04682B62F52A0039AA2A /* Instantiation.cpp in Sources */,
			);
			runOnlyForDeploymentPostprocessing = 0;
		};
/* End PBXSourcesBuildPhase section */

/* Begin XCBuildConfiguration section */
		8076FC822B235B230067767B /* Debug */ = {
			isa = XCBuildConfiguration;
			buildSettings = {
				ALWAYS_SEARCH_USER_PATHS = NO;
				CLANG_ANALYZER_NONNULL = YES;
				CLANG_ANALYZER_NUMBER_OBJECT_CONVERSION = YES_AGGRESSIVE;
				CLANG_CXX_LANGUAGE_STANDARD = "gnu++20";
				CLANG_ENABLE_MODULES = YES;
				CLANG_ENABLE_OBJC_ARC = YES;
				CLANG_ENABLE_OBJC_WEAK = YES;
				CLANG_WARN_BLOCK_CAPTURE_AUTORELEASING = YES;
				CLANG_WARN_BOOL_CONVERSION = YES;
				CLANG_WARN_COMMA = YES;
				CLANG_WARN_CONSTANT_CONVERSION = YES;
				CLANG_WARN_DEPRECATED_OBJC_IMPLEMENTATIONS = YES;
				CLANG_WARN_DIRECT_OBJC_ISA_USAGE = YES_ERROR;
				CLANG_WARN_DOCUMENTATION_COMMENTS = YES;
				CLANG_WARN_EMPTY_BODY = YES;
				CLANG_WARN_ENUM_CONVERSION = YES;
				CLANG_WARN_INFINITE_RECURSION = YES;
				CLANG_WARN_INT_CONVERSION = YES;
				CLANG_WARN_NON_LITERAL_NULL_CONVERSION = YES;
				CLANG_WARN_OBJC_IMPLICIT_RETAIN_SELF = YES;
				CLANG_WARN_OBJC_LITERAL_CONVERSION = YES;
				CLANG_WARN_OBJC_ROOT_CLASS = YES_ERROR;
				CLANG_WARN_QUOTED_INCLUDE_IN_FRAMEWORK_HEADER = YES;
				CLANG_WARN_RANGE_LOOP_ANALYSIS = YES;
				CLANG_WARN_STRICT_PROTOTYPES = YES;
				CLANG_WARN_SUSPICIOUS_MOVE = YES;
				CLANG_WARN_UNGUARDED_AVAILABILITY = YES_AGGRESSIVE;
				CLANG_WARN_UNREACHABLE_CODE = YES;
				CLANG_WARN__DUPLICATE_METHOD_MATCH = YES;
				COPY_PHASE_STRIP = NO;
				DEBUG_INFORMATION_FORMAT = dwarf;
				ENABLE_STRICT_OBJC_MSGSEND = YES;
				ENABLE_TESTABILITY = YES;
				GCC_C_LANGUAGE_STANDARD = gnu11;
				GCC_DYNAMIC_NO_PIC = NO;
				GCC_NO_COMMON_BLOCKS = YES;
				GCC_OPTIMIZATION_LEVEL = 0;
				GCC_PREPROCESSOR_DEFINITIONS = (
					"DEBUG=1",
					"$(inherited)",
				);
				GCC_WARN_64_TO_32_BIT_CONVERSION = YES;
				GCC_WARN_ABOUT_RETURN_TYPE = YES_ERROR;
				GCC_WARN_UNDECLARED_SELECTOR = YES;
				GCC_WARN_UNINITIALIZED_AUTOS = YES_AGGRESSIVE;
				GCC_WARN_UNUSED_FUNCTION = YES;
				GCC_WARN_UNUSED_VARIABLE = YES;
				MACOSX_DEPLOYMENT_TARGET = 13.0;
				MTL_ENABLE_DEBUG_INFO = INCLUDE_SOURCE;
				MTL_FAST_MATH = YES;
				ONLY_ACTIVE_ARCH = YES;
				SDKROOT = macosx;
			};
			name = Debug;
		};
		8076FC832B235B230067767B /* Release */ = {
			isa = XCBuildConfiguration;
			buildSettings = {
				ALWAYS_SEARCH_USER_PATHS = NO;
				CLANG_ANALYZER_NONNULL = YES;
				CLANG_ANALYZER_NUMBER_OBJECT_CONVERSION = YES_AGGRESSIVE;
				CLANG_CXX_LANGUAGE_STANDARD = "gnu++20";
				CLANG_ENABLE_MODULES = YES;
				CLANG_ENABLE_OBJC_ARC = YES;
				CLANG_ENABLE_OBJC_WEAK = YES;
				CLANG_WARN_BLOCK_CAPTURE_AUTORELEASING = YES;
				CLANG_WARN_BOOL_CONVERSION = YES;
				CLANG_WARN_COMMA = YES;
				CLANG_WARN_CONSTANT_CONVERSION = YES;
				CLANG_WARN_DEPRECATED_OBJC_IMPLEMENTATIONS = YES;
				CLANG_WARN_DIRECT_OBJC_ISA_USAGE = YES_ERROR;
				CLANG_WARN_DOCUMENTATION_COMMENTS = YES;
				CLANG_WARN_EMPTY_BODY = YES;
				CLANG_WARN_ENUM_CONVERSION = YES;
				CLANG_WARN_INFINITE_RECURSION = YES;
				CLANG_WARN_INT_CONVERSION = YES;
				CLANG_WARN_NON_LITERAL_NULL_CONVERSION = YES;
				CLANG_WARN_OBJC_IMPLICIT_RETAIN_SELF = YES;
				CLANG_WARN_OBJC_LITERAL_CONVERSION = YES;
				CLANG_WARN_OBJC_ROOT_CLASS = YES_ERROR;
				CLANG_WARN_QUOTED_INCLUDE_IN_FRAMEWORK_HEADER = YES;
				CLANG_WARN_RANGE_LOOP_ANALYSIS = YES;
				CLANG_WARN_STRICT_PROTOTYPES = YES;
				CLANG_WARN_SUSPICIOUS_MOVE = YES;
				CLANG_WARN_UNGUARDED_AVAILABILITY = YES_AGGRESSIVE;
				CLANG_WARN_UNREACHABLE_CODE = YES;
				CLANG_WARN__DUPLICATE_METHOD_MATCH = YES;
				COPY_PHASE_STRIP = NO;
				DEBUG_INFORMATION_FORMAT = "dwarf-with-dsym";
				ENABLE_NS_ASSERTIONS = NO;
				ENABLE_STRICT_OBJC_MSGSEND = YES;
				GCC_C_LANGUAGE_STANDARD = gnu11;
				GCC_NO_COMMON_BLOCKS = YES;
				GCC_WARN_64_TO_32_BIT_CONVERSION = YES;
				GCC_WARN_ABOUT_RETURN_TYPE = YES_ERROR;
				GCC_WARN_UNDECLARED_SELECTOR = YES;
				GCC_WARN_UNINITIALIZED_AUTOS = YES_AGGRESSIVE;
				GCC_WARN_UNUSED_FUNCTION = YES;
				GCC_WARN_UNUSED_VARIABLE = YES;
				MACOSX_DEPLOYMENT_TARGET = 13.0;
				MTL_ENABLE_DEBUG_INFO = NO;
				MTL_FAST_MATH = YES;
				SDKROOT = macosx;
			};
			name = Release;
		};
		8076FC852B235B230067767B /* Debug */ = {
			isa = XCBuildConfiguration;
			buildSettings = {
				CLANG_CXX_LANGUAGE_STANDARD = "gnu++20";
				CODE_SIGN_STYLE = Automatic;
				PRODUCT_NAME = "$(TARGET_NAME)";
			};
			name = Debug;
		};
		8076FC862B235B230067767B /* Release */ = {
			isa = XCBuildConfiguration;
			buildSettings = {
				CLANG_CXX_LANGUAGE_STANDARD = "gnu++20";
				CODE_SIGN_STYLE = Automatic;
				PRODUCT_NAME = "$(TARGET_NAME)";
			};
			name = Release;
		};
/* End XCBuildConfiguration section */

/* Begin XCConfigurationList section */
		8076FC782B235B230067767B /* Build configuration list for PBXProject "Templates" */ = {
			isa = XCConfigurationList;
			buildConfigurations = (
				8076FC822B235B230067767B /* Debug */,
				8076FC832B235B230067767B /* Release */,
			);
			defaultConfigurationIsVisible = 0;
			defaultConfigurationName = Release;
		};
		8076FC842B235B230067767B /* Build configuration list for PBXNativeTarget "Templates" */ = {
			isa = XCConfigurationList;
			buildConfigurations = (
				8076FC852B235B230067767B /* Debug */,
				8076FC862B235B230067767B /* Release */,
			);
			defaultConfigurationIsVisible = 0;
			defaultConfigurationName = Release;
		};
/* End XCConfigurationList section */
	};
	rootObject = 8076FC752B235B230067767B /* Project object */;
}
